{
  "lockfileVersion": 1,
  "configVersion": 0,
  "workspaces": {
    "": {
      "devDependencies": {
        "@biomejs/biome": "^2.5.6",
        "@types/bun": "^1.3.14",
        "tsdown": "^0.22.14",
        "typescript": "^7.0.2",
      },
    },
  },
  "packages": {
    "@biomejs/biome": ["@biomejs/biome@2.5.6", "", { "optionalDependencies": { "@biomejs/cli-darwin-arm64": "2.5.6", "@biomejs/cli-darwin-x64": "2.5.6", "@biomejs/cli-linux-arm64": "2.5.6", "@biomejs/cli-linux-arm64-musl": "2.5.6", "@biomejs/cli-linux-x64": "2.5.6", "@biomejs/cli-linux-x64-musl": "2.5.6", "@biomejs/cli-win32-arm64": "2.5.6", "@biomejs/cli-win32-x64": "2.5.6" }, "bin": { "biome": "bin/biome" } }, "sha512-lxVNjv7UF6KfhMJfL9gaUHbWdJdHbsAj6OSmwSYNdhRuG67NxNQ4Xdvh3TUxsSK9sBzJBQhEJj3AopmmNJ5pSA=="],

    "@biomejs/cli-darwin-arm64": ["@biomejs/cli-darwin-arm64@2.5.6", "", { "os": "darwin", "cpu": "arm64" }, "sha512-zMOLZP4oMrjh6m1zcSj1ud2awUPgTuMVbmQhYYWL7J8HwCnbHHBvTm7VBTRuY7epT5bez76IpKYQ11ZAqHFlnw=="],

    "@biomejs/cli-darwin-x64": ["@biomejs/cli-darwin-x64@2.5.6", "", { "os": "darwin", "cpu": "x64" }, "sha512-JAC1VqzvO7Th5ZplU0G2uGfkZbxEe9uDDektPAhF0JLusoz1w+T4okp2bkykI0bbaO2vslKiRfj4gU43JaGreA=="],

    "@biomejs/cli-linux-arm64": ["@biomejs/cli-linux-arm64@2.5.6", "", { "os": "linux", "cpu": "arm64" }, "sha512-6XsYwCFkp5sMxl85ffhgeGpGgs6A7dRYFnkceZ7WVxvycuTnGdD5xa534Z3xfrBQ0JCMK/mujT6ZNPJoghedwg=="],

    "@biomejs/cli-linux-arm64-musl": ["@biomejs/cli-linux-arm64-musl@2.5.6", "", { "os": "linux", "cpu": "arm64" }, "sha512-eUa3jeeYvfMt19LBeh6E5PUZpxnTC4JqNWo+EDjTtQjAr2xLGnWaxACtVU1DQqmHYbvThlJzLX+ZsYgrqh2qVw=="],

    "@biomejs/cli-linux-x64": ["@biomejs/cli-linux-x64@2.5.6", "", { "os": "linux", "cpu": "x64" }, "sha512-Pop9VXCFUhFTMfFefZ39S+u2rOPyNp5iHlxbZRwXGACHLy2r0jjiRgJHmaEKJzL3SyxlVeGShXhvvElvWowonA=="],

    "@biomejs/cli-linux-x64-musl": ["@biomejs/cli-linux-x64-musl@2.5.6", "", { "os": "linux", "cpu": "x64" }, "sha512-2Vp13QdKysH3HIWLaYLhUUwbK+jbZonJD1K+Lr0d0RO4wH7mkYd43vJixEDm8cUWrowoRz4UUHF1nm9Ae7ym8A=="],

    "@biomejs/cli-win32-arm64": ["@biomejs/cli-win32-arm64@2.5.6", "", { "os": "win32", "cpu": "arm64" }, "sha512-tDGshcm6BdkZOCGnTDX0Y8/U4IfBSlnUU7T56nNDuPEfed+aHg+u8G36NB43fJVl0Os6+QURXIE1yuD7AaEofA=="],

    "@biomejs/cli-win32-x64": ["@biomejs/cli-win32-x64@2.5.6", "", { "os": "win32", "cpu": "x64" }, "sha512-WN05KwXnTO/2J45RQPvzZMXf7tZUIofHoR35xIPfCo7pQ2RFidxI8sfb5mGsaTxdMmEOzHzOPRCdA5/fCpc7xQ=="],

    "@emnapi/core": ["@emnapi/core@2.0.0-alpha.3", "", { "dependencies": { "@emnapi/wasi-threads": "2.0.1", "tslib": "^2.4.0" } }, "sha512-AZypUeJ/yByuxyS7BlSNRDOMLMlROYtjYdIAuBmJssVz1UJDSeYxLrdizhXCFYhedC5bqd/ASy8EuNXbVVXp9g=="],

    "@emnapi/runtime": ["@emnapi/runtime@2.0.0-alpha.3", "", { "dependencies": { "tslib": "^2.4.0" } }, "sha512-hFPAhMUjJD9BSyCANEISPOogeXC9Zo9ZQl7L6vKnaVsMkCtzznaW/naYypeyl0Gv5rYfWYsZbpixTMpjDJzQeA=="],

    "@emnapi/wasi-threads": ["@emnapi/wasi-threads@2.0.1", "", { "dependencies": { "tslib": "^2.4.0" } }, "sha512-9DsSk+o5NBX0CCJT8s0EROGSGxjR/tKu6aBTaVyq+SjAEQH4XcdcRxPBRzsBLizTTJ49MJjF+jgu3qnO9GLQcQ=="],

    "@napi-rs/wasm-runtime": ["@napi-rs/wasm-runtime@1.2.1", "", { "dependencies": { "@tybys/wasm-util": "^0.10.3" }, "peerDependencies": { "@emnapi/core": "^1.7.1 || ^2.0.0-alpha.3", "@emnapi/runtime": "^1.7.1 || ^2.0.0-alpha.3" } }, "sha512-KjZdi8Q1wh89gsVmghvbrMgWl6ZWmRmHV6wjB7/g4Zf0dyO+hH3neZUtuDNPO00qq5YE5RITVWvrIZKRaAmzGQ=="],

    "@oxc-project/types": ["@oxc-project/types@0.142.0", "", {}, "sha512-7W+2q5AKQVU36fkaryontrHn3YDt1RyUYXatw9i5H8ocYe2sPKSFB6eS8WNPeRKiN1qAWWZUPm7gwFzJGrccqQ=="],

    "@quansync/fs": ["@quansync/fs@1.0.0", "", { "dependencies": { "quansync": "^1.0.0" } }, "sha512-4TJ3DFtlf1L5LDMaM6CanJ/0lckGNtJcMjQ1NAV6zDmA0tEHKZtxNKin8EgPaVX1YzljbxckyT2tJrpQKAtngQ=="],

    "@rolldown/binding-android-arm64": ["@rolldown/binding-android-arm64@1.2.1", "", { "os": "android", "cpu": "arm64" }, "sha512-02hOeOSryYxVrOIphmLAsqnCJWxwlzFk+pEt/N/i6OgT3lShHO7xGCU5cpgchRDHboAEbSjzgGh+O/u1GswQmA=="],

    "@rolldown/binding-darwin-arm64": ["@rolldown/binding-darwin-arm64@1.2.1", "", { "os": "darwin", "cpu": "arm64" }, "sha512-fMsTOnN0OjFm3CyppWPitKnc8UlliVARUULW6cfU6AIqjdtgmSFWSk9vecHzZduv/yMWIHDlRhM1e8Iff9uAfA=="],

    "@rolldown/binding-darwin-x64": ["@rolldown/binding-darwin-x64@1.2.1", "", { "os": "darwin", "cpu": "x64" }, "sha512-1wjKdz/XLGKHaTNHjQveQ/B23TKx4ItAqm1JbyVuvNPc4Ze0Fb48s49TAd/2zcplPl8okE/UbTgmlVfwT7eFeQ=="],

    "@rolldown/binding-freebsd-x64": ["@rolldown/binding-freebsd-x64@1.2.1", "", { "os": "freebsd", "cpu": "x64" }, "sha512-Fa0jHR07E7YBN4vOEsbVf2briYNsuOowfLJaXULZM0ldMlaCaj2LJgLMbMe4iacRyZmvR8efFhgR9wKuGclQUg=="],

    "@rolldown/binding-linux-arm-gnueabihf": ["@rolldown/binding-linux-arm-gnueabihf@1.2.1", "", { "os": "linux", "cpu": "arm" }, "sha512-pzkgu1SSHGgRRyRZ4fbmSgmajbVt+epaLP99NDjFft69v/ypfTi6swBMiVdh2EkQ0OSnHE1lZDM7DRGkyAzUpA=="],

    "@rolldown/binding-linux-arm64-gnu": ["@rolldown/binding-linux-arm64-gnu@1.2.1", "", { "os": "linux", "cpu": "arm64" }, "sha512-QI5SEDY8cbiYWHx0VO4vIc3UlS6a32vXHjU8Qy/17adEmZIPuByJg13UEvo9c/UCiUkdcVWY83C+b+JrwnNyUg=="],

    "@rolldown/binding-linux-arm64-musl": ["@rolldown/binding-linux-arm64-musl@1.2.1", "", { "os": "linux", "cpu": "arm64" }, "sha512-Sm41FyCeXqmYcERoYOCbGIL5hNfd8w9LQ7Y61Bev48HkcjaJqV/iiVOaiDxjVTRMS+QKrZmD8cfPt4uMVnvM+A=="],

    "@rolldown/binding-linux-ppc64-gnu": ["@rolldown/binding-linux-ppc64-gnu@1.2.1", "", { "os": "linux", "cpu": "ppc64" }, "sha512-2x+WhXTGl9yJYPbltW/BSEPTVz9OIWQyER4N+gJEDWkkn904eRcBzELqh/Hf7K0w/ubGbKNMv0ZC+94QK/IFEg=="],

    "@rolldown/binding-linux-s390x-gnu": ["@rolldown/binding-linux-s390x-gnu@1.2.1", "", { "os": "linux", "cpu": "s390x" }, "sha512-eEjmQpuRQayHPWWnywaWHkFT3ToPbP3RYy42VVd/B9aBGDA+Ol25EIWHxKQST3IiWJjikCWUF7KtbfqwZrzVwQ=="],

    "@rolldown/binding-linux-x64-gnu": ["@rolldown/binding-linux-x64-gnu@1.2.1", "", { "os": "linux", "cpu": "x64" }, "sha512-/Orga1fZYkLc/56jBICcHrKchl8Z2UKdDSr3LG9ToWO1lQ6a4Livk9Xz+9WN91zsz5QR3XQz2NNoSDEvP6qadw=="],

    "@rolldown/binding-linux-x64-musl": ["@rolldown/binding-linux-x64-musl@1.2.1", "", { "os": "linux", "cpu": "x64" }, "sha512-xxBJRL+0q0Kce7orznGWLuylHDY65vuARXZRpX+hPdv+DqK2c3NlCsVA98tlWzWNEE7yPqA/1NQ5nnCrj49Y5A=="],

    "@rolldown/binding-openharmony-arm64": ["@rolldown/binding-openharmony-arm64@1.2.1", "", { "os": "none", "cpu": "arm64" }, "sha512-M6AdXIXw3s+/8XpKMzdGDEXGS1S7kwUsy+rcTIUIOx5Ge4nXKCtAFHFV9YKkXvGcC5WMoTjAteLzlsQROVI0Yw=="],

    "@rolldown/binding-wasm32-wasi": ["@rolldown/binding-wasm32-wasi@1.2.1", "", { "dependencies": { "@emnapi/core": "2.0.0-alpha.3", "@emnapi/runtime": "2.0.0-alpha.3", "@napi-rs/wasm-runtime": "^1.2.0" } }, "sha512-/TX0SoRGojHzSAHpfVBbavRVSazg5U3h3Y3VXfcc0cdugq6kxdqw8LPGFiPr+/7gE/60zRcsOY2Vi9b9eT0jww=="],

    "@rolldown/binding-win32-arm64-msvc": ["@rolldown/binding-win32-arm64-msvc@1.2.1", "", { "os": "win32", "cpu": "arm64" }, "sha512-EvRrivJieyHG+AO9lleZWgq+g0+S7oV2C51yuqlcyU/R9net+sI4Pj0F+lUoP2bEr6TWX3SqFaaS0SzfLxSzkw=="],

    "@rolldown/binding-win32-x64-msvc": ["@rolldown/binding-win32-x64-msvc@1.2.1", "", { "os": "win32", "cpu": "x64" }, "sha512-Z4eCmn5QJ/5+azF9knpLWKfVd9aidn0mAe9TpJgvBLId9Ax3t0+JVxBmT25Bv7NBbVW1TZyKjQjQReouMeH5UQ=="],

    "@rolldown/pluginutils": ["@rolldown/pluginutils@1.0.0", "", {}, "sha512-aKs/3GSWyV0mrhNmt/96/Z3yczC3yvrzYATCiCXQebBsGyYzjNdUphRVLeJQ67ySKVXRfMxt2lm12pmXvbPFQQ=="],

    "@tybys/wasm-util": ["@tybys/wasm-util@0.10.3", "", { "dependencies": { "tslib": "^2.4.0" } }, "sha512-F3fo1MYrRJYL3zER0OUOmkutjr1Vp23m7OsSgp7nq4SP6OqX6C/56XFIPAl5bt3zaBRjmW7SGz3u/6LwFpYcOg=="],

    "@types/bun": ["@types/bun@1.3.14", "", { "dependencies": { "bun-types": "1.3.14" } }, "sha512-h1hFqFVcvAvD9j9K7ZW7vd82aSA+rTdznZa+5bwvCwqSB1jmmfLcbIWhOLx1/+boy/xmjgCs/OMUL8hRJSmnPw=="],

    "@types/node": ["@types/node@20.12.14", "", { "dependencies": { "undici-types": "~5.26.4" } }, "sha512-scnD59RpYD91xngrQQLGkE+6UrHUPzeKZWhhjBSa3HSkwjbQc38+q3RoIVEwxQGRw3M+j5hpNAM+lgV3cVormg=="],

    "@typescript/typescript-aix-ppc64": ["@typescript/typescript-aix-ppc64@7.0.2", "", { "os": "aix", "cpu": "ppc64" }, "sha512-MTKKkWB7p/0E9xi1d1tHtZ5PiLkGEMIq88pK2CubZjOsLtYTLqhgIgi6zepFa+9GHZ6h05NMCkQxGKiPXMxXtQ=="],

    "@typescript/typescript-darwin-arm64": ["@typescript/typescript-darwin-arm64@7.0.2", "", { "os": "darwin", "cpu": "arm64" }, "sha512-gowzar9MwS/aRWp6f3a4KUqzRjAZjOsmGNCM6LcTgXum+dBfgsBVMN+AgvOCCbguXyick6LJhpBszxMebJ8syA=="],

    "@typescript/typescript-darwin-x64": ["@typescript/typescript-darwin-x64@7.0.2", "", { "os": "darwin", "cpu": "x64" }, "sha512-SZ9xZInqApNlNGc9s0W1VSsktYSOe9cFqNOIqmN1Gs8SmkjKZYFt017G4VwPxASInODuAdbTW7sXiFUf893RgA=="],

    "@typescript/typescript-freebsd-arm64": ["@typescript/typescript-freebsd-arm64@7.0.2", "", { "os": "freebsd", "cpu": "arm64" }, "sha512-W5NH4y/J0plIIS5b2xvTEkU7JFxyqdMAOgf+Ilhl0vHQXKO5dZoxd+C/jEtq56c4F3wk71RB4BMRQ2XdI+bwYQ=="],

    "@typescript/typescript-freebsd-x64": ["@typescript/typescript-freebsd-x64@7.0.2", "", { "os": "freebsd", "cpu": "x64" }, "sha512-UMGDx5sTpzNw3WiPebH7l90IWfJggEd+egHt/q6p7/Cm3zqoV7VxkGXt+3DxPIw8CcmvAB0j3sVVfbhX+M4Tpw=="],

    "@typescript/typescript-linux-arm": ["@typescript/typescript-linux-arm@7.0.2", "", { "os": "linux", "cpu": "arm" }, "sha512-gffT3xPz9sR7j/YJExkyPntrI0P2EP9XbOyWzth2/Gs0RstK+90RBcO0ncXoXy/beYll1SXw846Nf2zdnEz0QQ=="],

    "@typescript/typescript-linux-arm64": ["@typescript/typescript-linux-arm64@7.0.2", "", { "os": "linux", "cpu": "arm64" }, "sha512-Qh4eU4/y3yDjnfjjyPYihMj5/ODIlmt+Bzu17OI+fiSRDW57QmU5SiN63exPRNJPKUzcc1INa1NXdrJ+MqHjUQ=="],

    "@typescript/typescript-linux-loong64": ["@typescript/typescript-linux-loong64@7.0.2", "", { "os": "linux", "cpu": "none" }, "sha512-uEHck9i8hoAzXPiYRib1O7miOnz23SxIeVl6F4LXox+qov1K35jHcEW6VHKvZI+pyvl7fZEP4MCU5LYvIq1GuQ=="],

    "@typescript/typescript-linux-mips64el": ["@typescript/typescript-linux-mips64el@7.0.2", "", { "os": "linux", "cpu": "none" }, "sha512-R4KvAMnE43W5Qeqb0Ly56O3mWMWIAgsMyz36DCaycd5nbg/9kzm0liw3JocfRqyJY0KPmzFjbswozXyW0DnIYA=="],

    "@typescript/typescript-linux-ppc64": ["@typescript/typescript-linux-ppc64@7.0.2", "", { "os": "linux", "cpu": "ppc64" }, "sha512-DORx5b3sd/4S7eayxm4FQv+A7CrkUIGRaHiwI8oiHTAI1fAPWhF4J0vAlkC8biAlHSVVwxMQ3tjZ2/DVbnQiiA=="],

    "@typescript/typescript-linux-riscv64": ["@typescript/typescript-linux-riscv64@7.0.2", "", { "os": "linux", "cpu": "none" }, "sha512-wf0jqEDOjrPRnKwYRyyJDRo11KMbvMFrU+q4zqKyChODBzvlkbhNQfKvLxQCcwTpdDaXSHZTVuh0JoCrKCUMHQ=="],

    "@typescript/typescript-linux-s390x": ["@typescript/typescript-linux-s390x@7.0.2", "", { "os": "linux", "cpu": "s390x" }, "sha512-IkwJc3L7yhytWd/ewjyxNDfOmswCm9GWMJT/ue/dU4aZNbwZeYAetq42VyLmsmSjvoX7z74X6ZaYCtzAr0EuGw=="],

    "@typescript/typescript-linux-x64": ["@typescript/typescript-linux-x64@7.0.2", "", { "os": "linux", "cpu": "x64" }, "sha512-EYdf2cNg7rgCWJnxCdJ+F3V39O8ihb37eHAu1LK8oAFizgTQbPOK7zHHXbPt8rX24COqODXeI3sIf0fCXG7H/A=="],

    "@typescript/typescript-netbsd-arm64": ["@typescript/typescript-netbsd-arm64@7.0.2", "", { "os": "none", "cpu": "arm64" }, "sha512-+polYF4MF04aPpO5FTkHran9yUQDSXqy5GiSDKpsll5jy3l3+g9QLhpf39T+ePtefhXLOGrLl0QIjkQP6VnelA=="],

    "@typescript/typescript-netbsd-x64": ["@typescript/typescript-netbsd-x64@7.0.2", "", { "os": "none", "cpu": "x64" }, "sha512-8YIT0EHM/3dq10ZOVF/A7pc/YSMtbcecct4rWtexrnSCHOPcpC2KTLXfTCR6vDpnSiY12heNb1GiN/wu+T/FyA=="],

    "@typescript/typescript-openbsd-arm64": ["@typescript/typescript-openbsd-arm64@7.0.2", "", { "os": "openbsd", "cpu": "arm64" }, "sha512-APT8+ClYnuYm1u9+kgGXoMj2VzWzcymwh2gNSQVySHfkRDGOTVkoWLjCmOQSaO+PoqQ57B0flRp9SA+7GnnkzQ=="],

    "@typescript/typescript-openbsd-x64": ["@typescript/typescript-openbsd-x64@7.0.2", "", { "os": "openbsd", "cpu": "x64" }, "sha512-yX7s+Q0Dln0Dt9tEzZsAjXXR/+ytBM7AlglaqyeMPxQszJ1JhlJdZ6jLA+IzldHtflX81em7lDao1xXu+aRRkg=="],

    "@typescript/typescript-sunos-x64": ["@typescript/typescript-sunos-x64@7.0.2", "", { "os": "sunos", "cpu": "x64" }, "sha512-dLJDGaLZ1D4HPQn62u1n8mBDkJREwMsAkCdkwd4Ieqw+x3TUyTsqY0YiBCtE6H6OzzgGk3iuZ3vFWRS+E8/d1g=="],

    "@typescript/typescript-win32-arm64": ["@typescript/typescript-win32-arm64@7.0.2", "", { "os": "win32", "cpu": "arm64" }, "sha512-Gyl1Vy6OsWesLzmq+EP0Fb7b4Nid5232AvcA2SFcdYreldpNtYFFofPjnt62y9hQy7VTaZp65ICJjuAQRaVcIQ=="],

    "@typescript/typescript-win32-x64": ["@typescript/typescript-win32-x64@7.0.2", "", { "os": "win32", "cpu": "x64" }, "sha512-0BQ3HkAHHlKLSp1qRvf3SUhGpGsDuhB/jgFw75guyqbxJqEaS0Cw/VFO8i2nHglJUzQCRtMMR/IBAKE3ETMC4g=="],

    "@yuku-codegen/binding-darwin-arm64": ["@yuku-codegen/binding-darwin-arm64@0.8.1", "", { "os": "darwin", "cpu": "arm64" }, "sha512-Ck0RmDBLc+R0dZpfTXmJFAvcuPf+npbJF1T/VhC9pPDGjNEOGwn4DwFcjhg//DfNIO+xgktsLSt5S4v0MFrToA=="],

    "@yuku-codegen/binding-darwin-x64": ["@yuku-codegen/binding-darwin-x64@0.8.1", "", { "os": "darwin", "cpu": "x64" }, "sha512-6BDLLWi8wHbCghgkajS+OeVJX2jLY9pY9HV/qH9daLP1XCyMSPssEiXjKyPiJq+St5b+zcPgMEBF8cgJDNhMMQ=="],

    "@yuku-codegen/binding-freebsd-x64": ["@yuku-codegen/binding-freebsd-x64@0.8.1", "", { "os": "freebsd", "cpu": "x64" }, "sha512-Rd1PHfw2mxC8y00kWxYWDClnBC1NbSwPuq0zKLYPggE7mlOnV+eQ15futtaz/Q4BP+jOtEv9elxvP7by20h6Kw=="],

    "@yuku-codegen/binding-linux-arm-gnu": ["@yuku-codegen/binding-linux-arm-gnu@0.8.1", "", { "os": "linux", "cpu": "arm" }, "sha512-/XGncN6jQ/CwXNgWwo+XnsUmILY1q1mbS1f38XnYOHw3DOKOISxVIAlD9IsmdrHLAUAncFlgFS3ky4OO9fvjyg=="],

    "@yuku-codegen/binding-linux-arm-musl": ["@yuku-codegen/binding-linux-arm-musl@0.8.1", "", { "os": "linux", "cpu": "arm" }, "sha512-Rxut53qx3JbTkQ8+A6I8Lrplwz55HQVCjEsTsWF1uOpfgALdvuKSMPIE0gVqefEEcOSA9ASklbNacmXwiqnaMw=="],

    "@yuku-codegen/binding-linux-arm64-gnu": ["@yuku-codegen/binding-linux-arm64-gnu@0.8.1", "", { "os": "linux", "cpu": "arm64" }, "sha512-hBNkUPHX04BjB2oIIgIlYT2tog9x0rmBVkZep0f4LLYyFhdJfYM/s2pJ0c8ehQhhkQaJFokW4CxGhiVvVLlzWg=="],

    "@yuku-codegen/binding-linux-arm64-musl": ["@yuku-codegen/binding-linux-arm64-musl@0.8.1", "", { "os": "linux", "cpu": "arm64" }, "sha512-ePZZnmOxArA4jA3AWlJj3WdY5z1ahQSLwAYrv7mozkJVcrBz2wZgy8l9ukcHFpTxPyhxCAea4gBSZEqqsCYE3A=="],

    "@yuku-codegen/binding-linux-x64-gnu": ["@yuku-codegen/binding-linux-x64-gnu@0.8.1", "", { "os": "linux", "cpu": "x64" }, "sha512-LGAEXnQ4Xg/BtOuEirABwa9ByUTXFjealqXXAHVFb8EEmZu5QeHLtsdB2MA2IcYVAgW/QPkyqfnd80R4FltI2A=="],

    "@yuku-codegen/binding-linux-x64-musl": ["@yuku-codegen/binding-linux-x64-musl@0.8.1", "", { "os": "linux", "cpu": "x64" }, "sha512-PPDMcQIKCNTOaLBBKh9SBM1EAPcsvnlShMAxq2D/twnSCSEUI9LfrR+G9J4P3o+46ZS4WN8mjZsj8p4PKOnKgw=="],

    "@yuku-codegen/binding-win32-arm64": ["@yuku-codegen/binding-win32-arm64@0.8.1", "", { "os": "win32", "cpu": "arm64" }, "sha512-W8A1QpstKYhg4e56s13L4ByQprQ1OXY3QFoNPIh6+4v/DEgqfhJ9ApU++e7zHQCQrhYjyQC/uWtxUcRqpyL/7Q=="],

    "@yuku-codegen/binding-win32-x64": ["@yuku-codegen/binding-win32-x64@0.8.1", "", { "os": "win32", "cpu": "x64" }, "sha512-zH7g7pLjfl3uZaNvYzd1PnCerU9fvhS16B7Z0z4Ai0S/oaGI53Y2xh8ylFDvDvmquEP7vay4O/zuLgvZeEsxVA=="],

    "@yuku-parser/binding-darwin-arm64": ["@yuku-parser/binding-darwin-arm64@0.8.1", "", { "os": "darwin", "cpu": "arm64" }, "sha512-iKQinrhsdxsGJ38msw4KaD7yotWw5N2nqMLeOPD+ttpZQKJc9nGL3VHMtISzCJ9Q09g0N3m91mYRFnIbXfhhig=="],

    "@yuku-parser/binding-darwin-x64": ["@yuku-parser/binding-darwin-x64@0.8.1", "", { "os": "darwin", "cpu": "x64" }, "sha512-k7zt2H3sWbYzwTGAK2TT6ma18w1XpwFAWgmBHiaMGHVe63aArrtO+55r6g7chXJ4joB6lb8SxYFyRQ974xfawQ=="],

    "@yuku-parser/binding-freebsd-x64": ["@yuku-parser/binding-freebsd-x64@0.8.1", "", { "os": "freebsd", "cpu": "x64" }, "sha512-tQjrlkE/vYEBXZ+pM59FerIVD4Zfs2OpRvN3e8oo12pTcAbwTTxteZKWaedfUsZr+gKO4tLLAaFaFIwa5fQJFw=="],

    "@yuku-parser/binding-linux-arm-gnu": ["@yuku-parser/binding-linux-arm-gnu@0.8.1", "", { "os": "linux", "cpu": "arm" }, "sha512-LZQgyer5d5i1f5oot+x6EhANXPD4FeCgz2CiSiWFSFBeG1U2m5jz65LD8gZwzy4CP4QVxQFyX9BazVRskTbwuQ=="],

    "@yuku-parser/binding-linux-arm-musl": ["@yuku-parser/binding-linux-arm-musl@0.8.1", "", { "os": "linux", "cpu": "arm" }, "sha512-69G1N4bPkygrus/ahtFxVdv9lzfvS65fuyMdDknn5BZU/gfFGBJyHeJ8UGgLPTyR3YptlJMuZhEkdgp6Qhfz2g=="],

    "@yuku-parser/binding-linux-arm64-gnu": ["@yuku-parser/binding-linux-arm64-gnu@0.8.1", "", { "os": "linux", "cpu": "arm64" }, "sha512-XL5+JpKCl1ghQTnZezy41NzmPdk4rZ6s0Z8qvGsgNPJ6yrSD7Ne8iz20SZZd/nW720qHiJy/ux62rwzZ+/clMg=="],

    "@yuku-parser/binding-linux-arm64-musl": ["@yuku-parser/binding-linux-arm64-musl@0.8.1", "", { "os": "linux", "cpu": "arm64" }, "sha512-Rj290yfrWlrV4/+HrAuoeJXMHdoNubJWKdhg1QDa/mvqa8MUYFd4IHuVYjP/WdQzEgOAWGrLC48vcnge6U3jbg=="],

    "@yuku-parser/binding-linux-x64-gnu": ["@yuku-parser/binding-linux-x64-gnu@0.8.1", "", { "os": "linux", "cpu": "x64" }, "sha512-d3IDkhAxiUTVuGI6BKIMKUyLe7ZxMY5yLqyvvTqJD1WPnE0eJTsLeRFRBv7/HXsnAzDs0IgvoG5bjvUkHZ5kSg=="],

    "@yuku-parser/binding-linux-x64-musl": ["@yuku-parser/binding-linux-x64-musl@0.8.1", "", { "os": "linux", "cpu": "x64" }, "sha512-Oyp+2gGYKK/AvN2ZoauRn1LGPdkjME5/TE/l4a9mT0JdNeiRTvno42383bt04MWnAZcYS4Hv7YsiFOXUBeLdpA=="],

    "@yuku-parser/binding-win32-arm64": ["@yuku-parser/binding-win32-arm64@0.8.1", "", { "os": "win32", "cpu": "arm64" }, "sha512-H77lYgICWRZycGmLaojzg0aSs3Z3v8SZWkcEjl1Ql3s+Km2SyiQcZ7RGq++Wh5nJxpiDJGAzYDC74XqMNm2ZHg=="],

    "@yuku-parser/binding-win32-x64": ["@yuku-parser/binding-win32-x64@0.8.1", "", { "os": "win32", "cpu": "x64" }, "sha512-ABniFzqYYn64NUEgmHTb6JxEzAlpmPu4cpMFjMBlR6cJXqL+vd7K1ae/yrt+NhUduHkJWJqG4lbHbV2yp9el3w=="],

    "@yuku-toolchain/types": ["@yuku-toolchain/types@0.8.1", "", {}, "sha512-HcGEV3kOn9evBTm2ARYOFNKAI7sY9twQozCVd9EVdlsBlnKi0a2iv8xXxYVHFCBQpX3SvvPXBhk8lcK6NUTdNg=="],

    "ansis": ["ansis@4.3.1", "", {}, "sha512-BJ8/l4R5LRE7hW9WdSuGYrLSHi2ynxeFpDFbH0K/CgNeY/tyhk+vO6TYxXC5r5CpUhNVX310xzPsN/H9lCdfOA=="],

    "bun-types": ["bun-types@1.3.14", "", { "dependencies": { "@types/node": "*" } }, "sha512-4N0ig0fEomHt5R0KCFWjovxow98rIoRwKolrYdCcknNwMekCXRnWEUvgu5soYV8QXtVsrUD8B95MBOZGPvr6KQ=="],

    "cac": ["cac@7.0.0", "", {}, "sha512-tixWYgm5ZoOD+3g6UTea91eow5z6AAHaho3g0V9CNSNb45gM8SmflpAc+GRd1InC4AqN/07Unrgp56Y94N9hJQ=="],

    "defu": ["defu@6.1.7", "", {}, "sha512-7z22QmUWiQ/2d0KkdYmANbRUVABpZ9SNYyH5vx6PZ+nE5bcC0l7uFvEfHlyld/HcGBFTL536ClDt3DEcSlEJAQ=="],

    "dts-resolver": ["dts-resolver@3.0.0", "", { "peerDependencies": { "oxc-resolver": ">=11.0.0" }, "optionalPeers": ["oxc-resolver"] }, "sha512-1T1f+z+4tl9XD+m+0HBgWoL/nm0bOIffyWaUuUSBlFg/86IWvfx+wjNaO/ybU0AJzG9/Mi5hBUgGV6zCmWEN7Q=="],

    "empathic": ["empathic@2.0.1", "", {}, "sha512-YGRs8knHhKHVShLkFET/rWAU8kmHbOV5LwN938RHI0pljAJ1Gf6SzXsSmRaEzcXTtOOmVqJ5+WtQPL5uigY50Q=="],

    "fdir": ["fdir@6.5.0", "", { "peerDependencies": { "picomatch": "^3 || ^4" }, "optionalPeers": ["picomatch"] }, "sha512-tIbYtZbucOs0BRGqPJkshJUYdL+SDH7dVM8gjy+ERp3WAUjLEFJE+02kanyHtwjWOnwrKYBiwAmM0p4kLJAnXg=="],

    "get-tsconfig": ["get-tsconfig@5.0.0-beta.5", "", { "dependencies": { "resolve-pkg-maps": "^1.0.0" } }, "sha512-/6gFNr0N04nob252sTQxyFLi3eKFRqIg1I87YcqAMT1i6SQrSF6KujUEQrtrjMV0H/eejTCltLdDSTEMzHbnsQ=="],

    "hookable": ["hookable@6.1.1", "", {}, "sha512-U9LYDy1CwhMCnprUfeAZWZGByVbhd54hwepegYTK7Pi5NvqEj63ifz5z+xukznehT7i6NIZRu89Ay1AZmRsLEQ=="],

    "import-without-cache": ["import-without-cache@0.4.0", "", {}, "sha512-NkJQA7oZ4YHQhd2+H3BoRFKF3d/XNsiKpHZCQEMH9pDX27hQQLsTyOocyRgaIVtf8gHX3Nt3LPkR4e5EdtPAGQ=="],

    "obug": ["obug@2.1.4", "", {}, "sha512-4a+OsYv9UktOJKE+l1A4OufDgdRF9PifWj+tJnHURo/P+WOxpG4GzUFL9qCalmWauao6ogiG+QvnCovwPoyAWA=="],

    "picomatch": ["picomatch@4.0.5", "", {}, "sha512-RvwwcruNjI1ncT5xRakeyS9Lf8lcItv34KD+aif+VH9kduAyfYBipGh12274xtenIPZ119/R9BdTBa8gAwSh0A=="],

    "quansync": ["quansync@1.0.0", "", {}, "sha512-5xZacEEufv3HSTPQuchrvV6soaiACMFnq1H8wkVioctoH3TRha9Sz66lOxRwPK/qZj7HPiSveih9yAyh98gvqA=="],

    "resolve-pkg-maps": ["resolve-pkg-maps@1.0.0", "", {}, "sha512-seS2Tj26TBVOC2NIc2rOe2y2ZO7efxITtLZcGSOnHHNOQ7CkiUBfw0Iw2ck6xkIhPwLhKNLS8BO+hEpngQlqzw=="],

    "rolldown": ["rolldown@1.2.1", "", { "dependencies": { "@oxc-project/types": "=0.142.0", "@rolldown/pluginutils": "^1.0.0" }, "optionalDependencies": { "@rolldown/binding-android-arm64": "1.2.1", "@rolldown/binding-darwin-arm64": "1.2.1", "@rolldown/binding-darwin-x64": "1.2.1", "@rolldown/binding-freebsd-x64": "1.2.1", "@rolldown/binding-linux-arm-gnueabihf": "1.2.1", "@rolldown/binding-linux-arm64-gnu": "1.2.1", "@rolldown/binding-linux-arm64-musl": "1.2.1", "@rolldown/binding-linux-ppc64-gnu": "1.2.1", "@rolldown/binding-linux-s390x-gnu": "1.2.1", "@rolldown/binding-linux-x64-gnu": "1.2.1", "@rolldown/binding-linux-x64-musl": "1.2.1", "@rolldown/binding-openharmony-arm64": "1.2.1", "@rolldown/binding-wasm32-wasi": "1.2.1", "@rolldown/binding-win32-arm64-msvc": "1.2.1", "@rolldown/binding-win32-x64-msvc": "1.2.1" }, "bin": { "rolldown": "./bin/cli.mjs" } }, "sha512-4FKJhg8d3OiyQOA6Q1Q0hoFFpW9/OoX+VsHzpECsdsIZoOArrAK90gl59YK/Z+gnDel45bgJZK03ozH/9bCqEw=="],

    "rolldown-plugin-dts": ["rolldown-plugin-dts@0.27.14", "", { "dependencies": { "dts-resolver": "^3.0.0", "get-tsconfig": "5.0.0-beta.5", "obug": "^2.1.4", "yuku-ast": "^0.8.0", "yuku-codegen": "^0.8.0", "yuku-parser": "^0.8.0" }, "peerDependencies": { "@typescript/native-preview": "*", "@volar/typescript": "~2.4.0", "rolldown": "^1.0.0", "typescript": "^5.0.0 || ^6.0.0 || ~7.0.0", "vue-tsc": "~3.2.0 || ~3.3.0" }, "optionalPeers": ["@typescript/native-preview", "@volar/typescript", "typescript", "vue-tsc"] }, "sha512-ZvuDDwoIpRK9RPxDXratCpklFO9QZZWndf/sd0VBFb4LEj0jj07UcHK9OCh7V4XiFz2Z89ziyBC2K6tJiDjrbw=="],

    "tinyexec": ["tinyexec@1.2.4", "", {}, "sha512-SHf/r48b7vOrjve9PxJo3MN5v5yuyjHvdUcrQffT3WXMUfnGmHDVbC4k3sHJaJTgZCwpUplIaAo5ANtMyp3YHg=="],

    "tinyglobby": ["tinyglobby@0.2.17", "", { "dependencies": { "fdir": "^6.5.0", "picomatch": "^4.0.4" } }, "sha512-wXR/dYpcqKmfWpEdZjiKJOwCNFndD0DMnrW/cYjVGttEkBfVgcLFHoNrlj47mjOVic9yyNu65alsgF4NQyTa2g=="],

    "tree-kill": ["tree-kill@1.2.2", "", { "bin": { "tree-kill": "cli.js" } }, "sha512-L0Orpi8qGpRG//Nd+H90vFB+3iHnue1zSSGmNOOCh1GLJ7rUKVwV2HvijphGQS2UmhUZewS9VgvxYIdgr+fG1A=="],

    "tsdown": ["tsdown@0.22.14", "", { "dependencies": { "ansis": "^4.3.1", "cac": "^7.0.0", "defu": "^6.1.7", "empathic": "^2.0.1", "hookable": "^6.1.1", "import-without-cache": "^0.4.0", "obug": "^2.1.4", "picomatch": "^4.0.5", "rolldown": "~1.2.0", "rolldown-plugin-dts": "^0.27.13", "tinyexec": "^1.2.4", "tinyglobby": "^0.2.17", "tree-kill": "^1.2.2", "unconfig-core": "^7.5.0", "verkit": "^0.3.0" }, "peerDependencies": { "@arethetypeswrong/core": "^0.18.1", "@tsdown/css": "0.22.14", "@tsdown/exe": "0.22.14", "@vitejs/devtools": "*", "publint": "^0.3.8", "tsx": "*", "typescript": "^5.0.0 || ^6.0.0 || ^7.0.0", "unplugin-unused": "^0.5.0", "unrun": "*" }, "optionalPeers": ["@arethetypeswrong/core", "@tsdown/css", "@tsdown/exe", "@vitejs/devtools", "publint", "tsx", "typescript", "unplugin-unused", "unrun"], "bin": { "tsdown": "./dist/run.mjs" } }, "sha512-ule7Y+fsAN2iZbLDoo7C4KYljFJNJJ+fLshyn+9gozeTspVersWHxwdGB+Dm2hzA38s6muFnUTl0jK3vJm9ifQ=="],

    "tslib": ["tslib@2.8.1", "", {}, "sha512-oJFu94HQb+KVduSUQL7wnpmqnfmLsOA/nAh6b6EH0wCEoK0/mPeXU6c3wKDV83MkOuHPRHtSXKKU99IBazS/2w=="],

    "typescript": ["typescript@7.0.2", "", { "optionalDependencies": { "@typescript/typescript-aix-ppc64": "7.0.2", "@typescript/typescript-darwin-arm64": "7.0.2", "@typescript/typescript-darwin-x64": "7.0.2", "@typescript/typescript-freebsd-arm64": "7.0.2", "@typescript/typescript-freebsd-x64": "7.0.2", "@typescript/typescript-linux-arm": "7.0.2", "@typescript/typescript-linux-arm64": "7.0.2", "@typescript/typescript-linux-loong64": "7.0.2", "@typescript/typescript-linux-mips64el": "7.0.2", "@typescript/typescript-linux-ppc64": "7.0.2", "@typescript/typescript-linux-riscv64": "7.0.2", "@typescript/typescript-linux-s390x": "7.0.2", "@typescript/typescript-linux-x64": "7.0.2", "@typescript/typescript-netbsd-arm64": "7.0.2", "@typescript/typescript-netbsd-x64": "7.0.2", "@typescript/typescript-openbsd-arm64": "7.0.2", "@typescript/typescript-openbsd-x64": "7.0.2", "@typescript/typescript-sunos-x64": "7.0.2", "@typescript/typescript-win32-arm64": "7.0.2", "@typescript/typescript-win32-x64": "7.0.2" }, "bin": { "tsc": "bin/tsc" } }, "sha512-8FYau96o3NKOhbjKi/qNvG/W5jhzxkbdm5sj9AbZ/5T5sWqn3hJgLfGx27sRKZWTvyzCP8dLRBTf5tBTSRVUNA=="],

    "unconfig-core": ["unconfig-core@7.5.0", "", { "dependencies": { "@quansync/fs": "^1.0.0", "quansync": "^1.0.0" } }, "sha512-Su3FauozOGP44ZmKdHy2oE6LPjk51M/TRRjHv2HNCWiDvfvCoxC2lno6jevMA91MYAdCdwP05QnWdWpSbncX/w=="],

    "undici-types": ["undici-types@5.26.5", "", {}, "sha512-JlCMO+ehdEIKqlFxk6IfVoAUVmgz7cU7zD/h9XZ0qzeosSHmUJVOzSQvvYSYWXkFXC+IfLKSIffhv0sVZup6pA=="],

    "verkit": ["verkit@0.3.1", "", {}, "sha512-w2Eo8LSIIoW7qxNBzT7/17k+bh8plXo7G3dHjEIDqPlnluhzaxr9JX8F28VSYEtDvc1/a3WBDih6xNUZseebXg=="],

    "yuku-ast": ["yuku-ast@0.8.1", "", { "dependencies": { "@yuku-toolchain/types": "^0.8.1" } }, "sha512-+k1E2f08y0k1+vpdD1KUCzDh2JXvwirMa8YR2Jr7VCS4zAo3eT5A/HbJCqaVGd6idaPY0gwLM9C4seEY4h10Hw=="],

    "yuku-codegen": ["yuku-codegen@0.8.1", "", { "dependencies": { "@yuku-toolchain/types": "^0.8.1" }, "optionalDependencies": { "@yuku-codegen/binding-darwin-arm64": "0.8.1", "@yuku-codegen/binding-darwin-x64": "0.8.1", "@yuku-codegen/binding-freebsd-x64": "0.8.1", "@yuku-codegen/binding-linux-arm-gnu": "0.8.1", "@yuku-codegen/binding-linux-arm-musl": "0.8.1", "@yuku-codegen/binding-linux-arm64-gnu": "0.8.1", "@yuku-codegen/binding-linux-arm64-musl": "0.8.1", "@yuku-codegen/binding-linux-x64-gnu": "0.8.1", "@yuku-codegen/binding-linux-x64-musl": "0.8.1", "@yuku-codegen/binding-win32-arm64": "0.8.1", "@yuku-codegen/binding-win32-x64": "0.8.1" } }, "sha512-/4Sbg9K9HpCe3PidmMbs9TzJ62gq3KmQY279TB0EGKdMoM8LfcmIg4E9wS2J/ylbFuQaWcYqf5dBKr8zubdlKA=="],

    "yuku-parser": ["yuku-parser@0.8.1", "", { "dependencies": { "@yuku-toolchain/types": "^0.8.1", "yuku-ast": "^0.8.1" }, "optionalDependencies": { "@yuku-parser/binding-darwin-arm64": "0.8.1", "@yuku-parser/binding-darwin-x64": "0.8.1", "@yuku-parser/binding-freebsd-x64": "0.8.1", "@yuku-parser/binding-linux-arm-gnu": "0.8.1", "@yuku-parser/binding-linux-arm-musl": "0.8.1", "@yuku-parser/binding-linux-arm64-gnu": "0.8.1", "@yuku-parser/binding-linux-arm64-musl": "0.8.1", "@yuku-parser/binding-linux-x64-gnu": "0.8.1", "@yuku-parser/binding-linux-x64-musl": "0.8.1", "@yuku-parser/binding-win32-arm64": "0.8.1", "@yuku-parser/binding-win32-x64": "0.8.1" } }, "sha512-YvUz2jdFMIq0QjN8LmI32ox+RBCn3l8VToAXVQ5QFfLTxSxmGZS6JP80ptePEju+CpeTdINLmUm7Ewodzh1QnQ=="],
  }
}
